// !$*UTF8*$!
{
	archiveVersion = 1;
	classes = {
	};
	objectVersion = 50;
	objects = {

/* Begin PBXBuildFile section */
		234418057A17068BA54F5BCD /* Pods_DuTu.framework in Frameworks */ = {isa = PBXBuildFile; fileRef = 2DF2FA6738F6EBB823586B0E /* Pods_DuTu.framework */; };
		5CAE612A04157CCE1D8E38C0 /* Pods_DuTuTests.framework in Frameworks */ = {isa = PBXBuildFile; fileRef = 72901E004214B5F678DA9223 /* Pods_DuTuTests.framework */; };
		A9290C0A21F34E7900CF852F /* UpdateItemViewController.swift in Sources */ = {isa = PBXBuildFile; fileRef = A9290C0921F34E7800CF852F /* UpdateItemViewController.swift */; };
		A9290C0C21F35C9800CF852F /* DisplayViewModel.swift in Sources */ = {isa = PBXBuildFile; fileRef = A9290C0B21F35C9800CF852F /* DisplayViewModel.swift */; };
		A9290C1021F380F100CF852F /* LoginViewController.swift in Sources */ = {isa = PBXBuildFile; fileRef = A9290C0D21F380F000CF852F /* LoginViewController.swift */; };
		A9290C1121F380F100CF852F /* StartViewController.swift in Sources */ = {isa = PBXBuildFile; fileRef = A9290C0E21F380F100CF852F /* StartViewController.swift */; };
		A9290C1221F380F100CF852F /* SignUpViewController.swift in Sources */ = {isa = PBXBuildFile; fileRef = A9290C0F21F380F100CF852F /* SignUpViewController.swift */; };
		A9290C1621F388E300CF852F /* StartViewModel.swift in Sources */ = {isa = PBXBuildFile; fileRef = A9290C1521F388E300CF852F /* StartViewModel.swift */; };
		A9290C1821F388F800CF852F /* SignUpViewModel.swift in Sources */ = {isa = PBXBuildFile; fileRef = A9290C1721F388F800CF852F /* SignUpViewModel.swift */; };
		A9290C1A21F3890600CF852F /* LoginViewModel.swift in Sources */ = {isa = PBXBuildFile; fileRef = A9290C1921F3890600CF852F /* LoginViewModel.swift */; };
		A9290C1C21F47A1700CF852F /* CurrentUser.swift in Sources */ = {isa = PBXBuildFile; fileRef = A9290C1B21F47A1700CF852F /* CurrentUser.swift */; };
		A92FCA8821F6368200F20A71 /* Location.swift in Sources */ = {isa = PBXBuildFile; fileRef = A92FCA8721F6368200F20A71 /* Location.swift */; };
		A982156A22063D1800E00AC6 /* Settings.swift in Sources */ = {isa = PBXBuildFile; fileRef = A982156922063D1800E00AC6 /* Settings.swift */; };
		A982157C2206474600E00AC6 /* 01d.png in Resources */ = {isa = PBXBuildFile; fileRef = A982156C2206474500E00AC6 /* 01d.png */; };
		A982157D2206474600E00AC6 /* 02d.png in Resources */ = {isa = PBXBuildFile; fileRef = A982156D2206474500E00AC6 /* 02d.png */; };
		A982157E2206474600E00AC6 /* 03d.png in Resources */ = {isa = PBXBuildFile; fileRef = A982156E2206474500E00AC6 /* 03d.png */; };
		A982157F2206474600E00AC6 /* 04d.png in Resources */ = {isa = PBXBuildFile; fileRef = A982156F2206474500E00AC6 /* 04d.png */; };
		A98215802206474600E00AC6 /* 09d.png in Resources */ = {isa = PBXBuildFile; fileRef = A98215702206474500E00AC6 /* 09d.png */; };
		A98215812206474600E00AC6 /* 10d.png in Resources */ = {isa = PBXBuildFile; fileRef = A98215712206474500E00AC6 /* 10d.png */; };
		A98215822206474600E00AC6 /* 11d.png in Resources */ = {isa = PBXBuildFile; fileRef = A98215722206474500E00AC6 /* 11d.png */; };
		A98215832206474600E00AC6 /* 13d.png in Resources */ = {isa = PBXBuildFile; fileRef = A98215732206474500E00AC6 /* 13d.png */; };
		A98215842206474600E00AC6 /* 50d.png in Resources */ = {isa = PBXBuildFile; fileRef = A98215742206474500E00AC6 /* 50d.png */; };
		A98215852206474600E00AC6 /* clouds.png in Resources */ = {isa = PBXBuildFile; fileRef = A98215752206474500E00AC6 /* clouds.png */; };
		A98215892206474600E00AC6 /* rain.png in Resources */ = {isa = PBXBuildFile; fileRef = A98215792206474500E00AC6 /* rain.png */; };
		A982158A2206474600E00AC6 /* storm.png in Resources */ = {isa = PBXBuildFile; fileRef = A982157A2206474500E00AC6 /* storm.png */; };
		A982158B2206474600E00AC6 /* sun.png in Resources */ = {isa = PBXBuildFile; fileRef = A982157B2206474500E00AC6 /* sun.png */; };
		A9865D382204E38200579564 /* WeatherService.swift in Sources */ = {isa = PBXBuildFile; fileRef = A9865D372204E38200579564 /* WeatherService.swift */; };
		A9CBA6B121F32479007C6BC3 /* AppDelegate.swift in Sources */ = {isa = PBXBuildFile; fileRef = A9CBA6B021F32479007C6BC3 /* AppDelegate.swift */; };
		A9CBA6B621F32479007C6BC3 /* Main.storyboard in Resources */ = {isa = PBXBuildFile; fileRef = A9CBA6B421F32479007C6BC3 /* Main.storyboard */; };
		A9CBA6B821F32487007C6BC3 /* Assets.xcassets in Resources */ = {isa = PBXBuildFile; fileRef = A9CBA6B721F32487007C6BC3 /* Assets.xcassets */; };
		A9CBA6BB21F32487007C6BC3 /* LaunchScreen.storyboard in Resources */ = {isa = PBXBuildFile; fileRef = A9CBA6B921F32487007C6BC3 /* LaunchScreen.storyboard */; };
		A9CBA6C621F32487007C6BC3 /* DuTuTests.swift in Sources */ = {isa = PBXBuildFile; fileRef = A9CBA6C521F32487007C6BC3 /* DuTuTests.swift */; };
		A9CBA6D121F32487007C6BC3 /* DuTuUITests.swift in Sources */ = {isa = PBXBuildFile; fileRef = A9CBA6D021F32487007C6BC3 /* DuTuUITests.swift */; };
		A9CBA6E221F3263D007C6BC3 /* CoreDataExample.xcdatamodeld in Sources */ = {isa = PBXBuildFile; fileRef = A9CBA6E021F3263D007C6BC3 /* CoreDataExample.xcdatamodeld */; };
		A9CBA6E621F32DF0007C6BC3 /* DisplayTableViewController.swift in Sources */ = {isa = PBXBuildFile; fileRef = A9CBA6E521F32DF0007C6BC3 /* DisplayTableViewController.swift */; };
		A9CBA6E821F32E8D007C6BC3 /* ViewItemViewController.swift in Sources */ = {isa = PBXBuildFile; fileRef = A9CBA6E721F32E8D007C6BC3 /* ViewItemViewController.swift */; };
		A9DCCA6E2200619700C30716 /* DoToo.swift in Sources */ = {isa = PBXBuildFile; fileRef = A9DCCA6D2200619700C30716 /* DoToo.swift */; };
		DF4849CBD96C6BAE51B20A65 /* Pods_DuTuUITests.framework in Frameworks */ = {isa = PBXBuildFile; fileRef = 9F1D69D853092FC7C9AFD524 /* Pods_DuTuUITests.framework */; };
/* End PBXBuildFile section */

/* Begin PBXContainerItemProxy section */
		A9CBA6C221F32487007C6BC3 /* PBXContainerItemProxy */ = {
			isa = PBXContainerItemProxy;
			containerPortal = A9CBA6A521F32479007C6BC3 /* Project object */;
			proxyType = 1;
			remoteGlobalIDString = A9CBA6AC21F32479007C6BC3;
			remoteInfo = DuTu;
		};
		A9CBA6CD21F32487007C6BC3 /* PBXContainerItemProxy */ = {
			isa = PBXContainerItemProxy;
			containerPortal = A9CBA6A521F32479007C6BC3 /* Project object */;
			proxyType = 1;
			remoteGlobalIDString = A9CBA6AC21F32479007C6BC3;
			remoteInfo = DuTu;
		};
/* End PBXContainerItemProxy section */

/* Begin PBXFileReference section */
		18CA7AE11B4B5D838972A967 /* Pods-DuTuUITests.release.xcconfig */ = {isa = PBXFileReference; includeInIndex = 1; lastKnownFileType = text.xcconfig; name = "Pods-DuTuUITests.release.xcconfig"; path = "Pods/Target Support Files/Pods-DuTuUITests/Pods-DuTuUITests.release.xcconfig"; sourceTree = "<group>"; };
		2A42B347A33958A3FDBE9ED4 /* Pods-DuTuTests.release.xcconfig */ = {isa = PBXFileReference; includeInIndex = 1; lastKnownFileType = text.xcconfig; name = "Pods-DuTuTests.release.xcconfig"; path = "Pods/Target Support Files/Pods-DuTuTests/Pods-DuTuTests.release.xcconfig"; sourceTree = "<group>"; };
		2DF2FA6738F6EBB823586B0E /* Pods_DuTu.framework */ = {isa = PBXFileReference; explicitFileType = wrapper.framework; includeInIndex = 0; path = Pods_DuTu.framework; sourceTree = BUILT_PRODUCTS_DIR; };
		33A144BF1FF0F5CE46784F38 /* Pods-DuTu.release.xcconfig */ = {isa = PBXFileReference; includeInIndex = 1; lastKnownFileType = text.xcconfig; name = "Pods-DuTu.release.xcconfig"; path = "Pods/Target Support Files/Pods-DuTu/Pods-DuTu.release.xcconfig"; sourceTree = "<group>"; };
		72901E004214B5F678DA9223 /* Pods_DuTuTests.framework */ = {isa = PBXFileReference; explicitFileType = wrapper.framework; includeInIndex = 0; path = Pods_DuTuTests.framework; sourceTree = BUILT_PRODUCTS_DIR; };
		956B8FF2D34A2AFA37BC2B9F /* Pods-DuTu.debug.xcconfig */ = {isa = PBXFileReference; includeInIndex = 1; lastKnownFileType = text.xcconfig; name = "Pods-DuTu.debug.xcconfig"; path = "Pods/Target Support Files/Pods-DuTu/Pods-DuTu.debug.xcconfig"; sourceTree = "<group>"; };
		9F1D69D853092FC7C9AFD524 /* Pods_DuTuUITests.framework */ = {isa = PBXFileReference; explicitFileType = wrapper.framework; includeInIndex = 0; path = Pods_DuTuUITests.framework; sourceTree = BUILT_PRODUCTS_DIR; };
		A9290C0921F34E7800CF852F /* UpdateItemViewController.swift */ = {isa = PBXFileReference; fileEncoding = 4; lastKnownFileType = sourcecode.swift; path = UpdateItemViewController.swift; sourceTree = "<group>"; };
		A9290C0B21F35C9800CF852F /* DisplayViewModel.swift */ = {isa = PBXFileReference; lastKnownFileType = sourcecode.swift; path = DisplayViewModel.swift; sourceTree = "<group>"; };
		A9290C0D21F380F000CF852F /* LoginViewController.swift */ = {isa = PBXFileReference; fileEncoding = 4; lastKnownFileType = sourcecode.swift; path = LoginViewController.swift; sourceTree = "<group>"; };
		A9290C0E21F380F100CF852F /* StartViewController.swift */ = {isa = PBXFileReference; fileEncoding = 4; lastKnownFileType = sourcecode.swift; path = StartViewController.swift; sourceTree = "<group>"; };
		A9290C0F21F380F100CF852F /* SignUpViewController.swift */ = {isa = PBXFileReference; fileEncoding = 4; lastKnownFileType = sourcecode.swift; path = SignUpViewController.swift; sourceTree = "<group>"; };
		A9290C1521F388E300CF852F /* StartViewModel.swift */ = {isa = PBXFileReference; lastKnownFileType = sourcecode.swift; path = StartViewModel.swift; sourceTree = "<group>"; };
		A9290C1721F388F800CF852F /* SignUpViewModel.swift */ = {isa = PBXFileReference; lastKnownFileType = sourcecode.swift; path = SignUpViewModel.swift; sourceTree = "<group>"; };
		A9290C1921F3890600CF852F /* LoginViewModel.swift */ = {isa = PBXFileReference; lastKnownFileType = sourcecode.swift; path = LoginViewModel.swift; sourceTree = "<group>"; };
		A9290C1B21F47A1700CF852F /* CurrentUser.swift */ = {isa = PBXFileReference; lastKnownFileType = sourcecode.swift; path = CurrentUser.swift; sourceTree = "<group>"; };
		A92FCA8721F6368200F20A71 /* Location.swift */ = {isa = PBXFileReference; lastKnownFileType = sourcecode.swift; path = Location.swift; sourceTree = "<group>"; };
		A982156922063D1800E00AC6 /* Settings.swift */ = {isa = PBXFileReference; fileEncoding = 4; lastKnownFileType = sourcecode.swift; path = Settings.swift; sourceTree = "<group>"; };
		A982156C2206474500E00AC6 /* 01d.png */ = {isa = PBXFileReference; lastKnownFileType = image.png; path = 01d.png; sourceTree = "<group>"; };
		A982156D2206474500E00AC6 /* 02d.png */ = {isa = PBXFileReference; lastKnownFileType = image.png; path = 02d.png; sourceTree = "<group>"; };
		A982156E2206474500E00AC6 /* 03d.png */ = {isa = PBXFileReference; lastKnownFileType = image.png; path = 03d.png; sourceTree = "<group>"; };
		A982156F2206474500E00AC6 /* 04d.png */ = {isa = PBXFileReference; lastKnownFileType = image.png; path = 04d.png; sourceTree = "<group>"; };
		A98215702206474500E00AC6 /* 09d.png */ = {isa = PBXFileReference; lastKnownFileType = image.png; path = 09d.png; sourceTree = "<group>"; };
		A98215712206474500E00AC6 /* 10d.png */ = {isa = PBXFileReference; lastKnownFileType = image.png; path = 10d.png; sourceTree = "<group>"; };
		A98215722206474500E00AC6 /* 11d.png */ = {isa = PBXFileReference; lastKnownFileType = image.png; path = 11d.png; sourceTree = "<group>"; };
		A98215732206474500E00AC6 /* 13d.png */ = {isa = PBXFileReference; lastKnownFileType = image.png; path = 13d.png; sourceTree = "<group>"; };
		A98215742206474500E00AC6 /* 50d.png */ = {isa = PBXFileReference; lastKnownFileType = image.png; path = 50d.png; sourceTree = "<group>"; };
		A98215752206474500E00AC6 /* clouds.png */ = {isa = PBXFileReference; lastKnownFileType = image.png; path = clouds.png; sourceTree = "<group>"; };
		A98215792206474500E00AC6 /* rain.png */ = {isa = PBXFileReference; lastKnownFileType = image.png; path = rain.png; sourceTree = "<group>"; };
		A982157A2206474500E00AC6 /* storm.png */ = {isa = PBXFileReference; lastKnownFileType = image.png; path = storm.png; sourceTree = "<group>"; };
		A982157B2206474500E00AC6 /* sun.png */ = {isa = PBXFileReference; lastKnownFileType = image.png; path = sun.png; sourceTree = "<group>"; };
		A9865D372204E38200579564 /* WeatherService.swift */ = {isa = PBXFileReference; fileEncoding = 4; lastKnownFileType = sourcecode.swift; path = WeatherService.swift; sourceTree = "<group>"; };
		A9CBA6AD21F32479007C6BC3 /* DuTu.app */ = {isa = PBXFileReference; explicitFileType = wrapper.application; includeInIndex = 0; path = DuTu.app; sourceTree = BUILT_PRODUCTS_DIR; };
		A9CBA6B021F32479007C6BC3 /* AppDelegate.swift */ = {isa = PBXFileReference; lastKnownFileType = sourcecode.swift; path = AppDelegate.swift; sourceTree = "<group>"; };
		A9CBA6B521F32479007C6BC3 /* Base */ = {isa = PBXFileReference; lastKnownFileType = file.storyboard; name = Base; path = Base.lproj/Main.storyboard; sourceTree = "<group>"; };
		A9CBA6B721F32487007C6BC3 /* Assets.xcassets */ = {isa = PBXFileReference; lastKnownFileType = folder.assetcatalog; path = Assets.xcassets; sourceTree = "<group>"; };
		A9CBA6BA21F32487007C6BC3 /* Base */ = {isa = PBXFileReference; lastKnownFileType = file.storyboard; name = Base; path = Base.lproj/LaunchScreen.storyboard; sourceTree = "<group>"; };
		A9CBA6BC21F32487007C6BC3 /* Info.plist */ = {isa = PBXFileReference; lastKnownFileType = text.plist.xml; path = Info.plist; sourceTree = "<group>"; };
		A9CBA6C121F32487007C6BC3 /* DuTuTests.xctest */ = {isa = PBXFileReference; explicitFileType = wrapper.cfbundle; includeInIndex = 0; path = DuTuTests.xctest; sourceTree = BUILT_PRODUCTS_DIR; };
		A9CBA6C521F32487007C6BC3 /* DuTuTests.swift */ = {isa = PBXFileReference; lastKnownFileType = sourcecode.swift; path = DuTuTests.swift; sourceTree = "<group>"; };
		A9CBA6C721F32487007C6BC3 /* Info.plist */ = {isa = PBXFileReference; lastKnownFileType = text.plist.xml; path = Info.plist; sourceTree = "<group>"; };
		A9CBA6CC21F32487007C6BC3 /* DuTuUITests.xctest */ = {isa = PBXFileReference; explicitFileType = wrapper.cfbundle; includeInIndex = 0; path = DuTuUITests.xctest; sourceTree = BUILT_PRODUCTS_DIR; };
		A9CBA6D021F32487007C6BC3 /* DuTuUITests.swift */ = {isa = PBXFileReference; lastKnownFileType = sourcecode.swift; path = DuTuUITests.swift; sourceTree = "<group>"; };
		A9CBA6D221F32487007C6BC3 /* Info.plist */ = {isa = PBXFileReference; lastKnownFileType = text.plist.xml; path = Info.plist; sourceTree = "<group>"; };
		A9CBA6E121F3263D007C6BC3 /* CoreDataExample.xcdatamodel */ = {isa = PBXFileReference; lastKnownFileType = wrapper.xcdatamodel; path = CoreDataExample.xcdatamodel; sourceTree = "<group>"; };
		A9CBA6E521F32DF0007C6BC3 /* DisplayTableViewController.swift */ = {isa = PBXFileReference; fileEncoding = 4; lastKnownFileType = sourcecode.swift; path = DisplayTableViewController.swift; sourceTree = "<group>"; };
		A9CBA6E721F32E8D007C6BC3 /* ViewItemViewController.swift */ = {isa = PBXFileReference; fileEncoding = 4; lastKnownFileType = sourcecode.swift; path = ViewItemViewController.swift; sourceTree = "<group>"; };
		A9DCCA6D2200619700C30716 /* DoToo.swift */ = {isa = PBXFileReference; lastKnownFileType = sourcecode.swift; path = DoToo.swift; sourceTree = "<group>"; };
		D64C9279AB45F276F64E4098 /* Pods-DuTuTests.debug.xcconfig */ = {isa = PBXFileReference; includeInIndex = 1; lastKnownFileType = text.xcconfig; name = "Pods-DuTuTests.debug.xcconfig"; path = "Pods/Target Support Files/Pods-DuTuTests/Pods-DuTuTests.debug.xcconfig"; sourceTree = "<group>"; };
		F0D37B7D53DD3B5E8AC60033 /* Pods-DuTuUITests.debug.xcconfig */ = {isa = PBXFileReference; includeInIndex = 1; lastKnownFileType = text.xcconfig; name = "Pods-DuTuUITests.debug.xcconfig"; path = "Pods/Target Support Files/Pods-DuTuUITests/Pods-DuTuUITests.debug.xcconfig"; sourceTree = "<group>"; };
/* End PBXFileReference section */

/* Begin PBXFrameworksBuildPhase section */
		A9CBA6AA21F32479007C6BC3 /* Frameworks */ = {
			isa = PBXFrameworksBuildPhase;
			buildActionMask = 2147483647;
			files = (
				234418057A17068BA54F5BCD /* Pods_DuTu.framework in Frameworks */,
			);
			runOnlyForDeploymentPostprocessing = 0;
		};
		A9CBA6BE21F32487007C6BC3 /* Frameworks */ = {
			isa = PBXFrameworksBuildPhase;
			buildActionMask = 2147483647;
			files = (
				5CAE612A04157CCE1D8E38C0 /* Pods_DuTuTests.framework in Frameworks */,
			);
			runOnlyForDeploymentPostprocessing = 0;
		};
		A9CBA6C921F32487007C6BC3 /* Frameworks */ = {
			isa = PBXFrameworksBuildPhase;
			buildActionMask = 2147483647;
			files = (
				DF4849CBD96C6BAE51B20A65 /* Pods_DuTuUITests.framework in Frameworks */,
			);
			runOnlyForDeploymentPostprocessing = 0;
		};
/* End PBXFrameworksBuildPhase section */

/* Begin PBXGroup section */
		7C6D32F1FE0D46B3A4D656B8 /* Pods */ = {
			isa = PBXGroup;
			children = (
				956B8FF2D34A2AFA37BC2B9F /* Pods-DuTu.debug.xcconfig */,
				33A144BF1FF0F5CE46784F38 /* Pods-DuTu.release.xcconfig */,
				D64C9279AB45F276F64E4098 /* Pods-DuTuTests.debug.xcconfig */,
				2A42B347A33958A3FDBE9ED4 /* Pods-DuTuTests.release.xcconfig */,
				F0D37B7D53DD3B5E8AC60033 /* Pods-DuTuUITests.debug.xcconfig */,
				18CA7AE11B4B5D838972A967 /* Pods-DuTuUITests.release.xcconfig */,
			);
			name = Pods;
			sourceTree = "<group>";
		};
		A968B71521FE5630009967D0 /* ViewControllers */ = {
			isa = PBXGroup;
			children = (
				A9DCCA6C22005B9A00C30716 /* User Admin */,
				A9CBA6E521F32DF0007C6BC3 /* DisplayTableViewController.swift */,
				A9290C0921F34E7800CF852F /* UpdateItemViewController.swift */,
				A9CBA6E721F32E8D007C6BC3 /* ViewItemViewController.swift */,
			);
			path = ViewControllers;
			sourceTree = "<group>";
		};
		A968B71621FE5644009967D0 /*  ViewModels */ = {
			isa = PBXGroup;
			children = (
				A9290C1921F3890600CF852F /* LoginViewModel.swift */,
				A9290C1721F388F800CF852F /* SignUpViewModel.swift */,
				A9290C1521F388E300CF852F /* StartViewModel.swift */,
				A9290C0B21F35C9800CF852F /* DisplayViewModel.swift */,
			);
			path = " ViewModels";
			sourceTree = "<group>";
		};
		A968B71721FE5676009967D0 /* Model */ = {
			isa = PBXGroup;
			children = (
				A982156922063D1800E00AC6 /* Settings.swift */,
				A9865D372204E38200579564 /* WeatherService.swift */,
				A9290C1B21F47A1700CF852F /* CurrentUser.swift */,
				A92FCA8721F6368200F20A71 /* Location.swift */,
				A9DCCA6D2200619700C30716 /* DoToo.swift */,
				A982156B2206474500E00AC6 /* weather icons */,
			);
			path = Model;
			sourceTree = "<group>";
		};
		A982156B2206474500E00AC6 /* weather icons */ = {
			isa = PBXGroup;
			children = (
				A982156C2206474500E00AC6 /* 01d.png */,
				A982156D2206474500E00AC6 /* 02d.png */,
				A982156E2206474500E00AC6 /* 03d.png */,
				A982156F2206474500E00AC6 /* 04d.png */,
				A98215702206474500E00AC6 /* 09d.png */,
				A98215712206474500E00AC6 /* 10d.png */,
				A98215722206474500E00AC6 /* 11d.png */,
				A98215732206474500E00AC6 /* 13d.png */,
				A98215742206474500E00AC6 /* 50d.png */,
				A98215752206474500E00AC6 /* clouds.png */,
				A98215792206474500E00AC6 /* rain.png */,
				A982157A2206474500E00AC6 /* storm.png */,
				A982157B2206474500E00AC6 /* sun.png */,
			);
			path = "weather icons";
			sourceTree = "<group>";
		};
		A9CBA6A421F32479007C6BC3 = {
			isa = PBXGroup;
			children = (
				A9CBA6AF21F32479007C6BC3 /* DuTu */,
				A9CBA6C421F32487007C6BC3 /* DuTuTests */,
				A9CBA6CF21F32487007C6BC3 /* DuTuUITests */,
				A9CBA6AE21F32479007C6BC3 /* Products */,
				7C6D32F1FE0D46B3A4D656B8 /* Pods */,
				B998FACC68950F4C1730C156 /* Frameworks */,
			);
			sourceTree = "<group>";
		};
		A9CBA6AE21F32479007C6BC3 /* Products */ = {
			isa = PBXGroup;
			children = (
				A9CBA6AD21F32479007C6BC3 /* DuTu.app */,
				A9CBA6C121F32487007C6BC3 /* DuTuTests.xctest */,
				A9CBA6CC21F32487007C6BC3 /* DuTuUITests.xctest */,
			);
			name = Products;
			sourceTree = "<group>";
		};
		A9CBA6AF21F32479007C6BC3 /* DuTu */ = {
			isa = PBXGroup;
			children = (
				A968B71721FE5676009967D0 /* Model */,
				A968B71621FE5644009967D0 /*  ViewModels */,
				A968B71521FE5630009967D0 /* ViewControllers */,
				A9CBA6B021F32479007C6BC3 /* AppDelegate.swift */,
				A9CBA6B421F32479007C6BC3 /* Main.storyboard */,
				A9CBA6B721F32487007C6BC3 /* Assets.xcassets */,
				A9CBA6B921F32487007C6BC3 /* LaunchScreen.storyboard */,
				A9CBA6BC21F32487007C6BC3 /* Info.plist */,
				A9CBA6E021F3263D007C6BC3 /* CoreDataExample.xcdatamodeld */,
			);
			path = DuTu;
			sourceTree = "<group>";
		};
		A9CBA6C421F32487007C6BC3 /* DuTuTests */ = {
			isa = PBXGroup;
			children = (
				A9CBA6C521F32487007C6BC3 /* DuTuTests.swift */,
				A9CBA6C721F32487007C6BC3 /* Info.plist */,
			);
			path = DuTuTests;
			sourceTree = "<group>";
		};
		A9CBA6CF21F32487007C6BC3 /* DuTuUITests */ = {
			isa = PBXGroup;
			children = (
				A9CBA6D021F32487007C6BC3 /* DuTuUITests.swift */,
				A9CBA6D221F32487007C6BC3 /* Info.plist */,
			);
			path = DuTuUITests;
			sourceTree = "<group>";
		};
		A9DCCA6C22005B9A00C30716 /* User Admin */ = {
			isa = PBXGroup;
			children = (
				A9290C0D21F380F000CF852F /* LoginViewController.swift */,
				A9290C0F21F380F100CF852F /* SignUpViewController.swift */,
				A9290C0E21F380F100CF852F /* StartViewController.swift */,
			);
			path = "User Admin";
			sourceTree = "<group>";
		};
		B998FACC68950F4C1730C156 /* Frameworks */ = {
			isa = PBXGroup;
			children = (
				2DF2FA6738F6EBB823586B0E /* Pods_DuTu.framework */,
				72901E004214B5F678DA9223 /* Pods_DuTuTests.framework */,
				9F1D69D853092FC7C9AFD524 /* Pods_DuTuUITests.framework */,
			);
			name = Frameworks;
			sourceTree = "<group>";
		};
/* End PBXGroup section */

/* Begin PBXNativeTarget section */
		A9CBA6AC21F32479007C6BC3 /* DuTu */ = {
			isa = PBXNativeTarget;
			buildConfigurationList = A9CBA6D521F32487007C6BC3 /* Build configuration list for PBXNativeTarget "DuTu" */;
			buildPhases = (
				73EF98E051FAF3A806BC2595 /* [CP] Check Pods Manifest.lock */,
				A9CBA6A921F32479007C6BC3 /* Sources */,
				A9CBA6AA21F32479007C6BC3 /* Frameworks */,
				A9CBA6AB21F32479007C6BC3 /* Resources */,
				1136B3D9DFD0DBA00F363E05 /* [CP] Embed Pods Frameworks */,
			);
			buildRules = (
			);
			dependencies = (
			);
			name = DuTu;
			productName = DuTu;
			productReference = A9CBA6AD21F32479007C6BC3 /* DuTu.app */;
			productType = "com.apple.product-type.application";
		};
		A9CBA6C021F32487007C6BC3 /* DuTuTests */ = {
			isa = PBXNativeTarget;
			buildConfigurationList = A9CBA6D821F32487007C6BC3 /* Build configuration list for PBXNativeTarget "DuTuTests" */;
			buildPhases = (
				B02566CDFFD631B8060F3517 /* [CP] Check Pods Manifest.lock */,
				A9CBA6BD21F32487007C6BC3 /* Sources */,
				A9CBA6BE21F32487007C6BC3 /* Frameworks */,
				A9CBA6BF21F32487007C6BC3 /* Resources */,
			);
			buildRules = (
			);
			dependencies = (
				A9CBA6C321F32487007C6BC3 /* PBXTargetDependency */,
			);
			name = DuTuTests;
			productName = DuTuTests;
			productReference = A9CBA6C121F32487007C6BC3 /* DuTuTests.xctest */;
			productType = "com.apple.product-type.bundle.unit-test";
		};
		A9CBA6CB21F32487007C6BC3 /* DuTuUITests */ = {
			isa = PBXNativeTarget;
			buildConfigurationList = A9CBA6DB21F32487007C6BC3 /* Build configuration list for PBXNativeTarget "DuTuUITests" */;
			buildPhases = (
				99196FF4BB861809CCB979C0 /* [CP] Check Pods Manifest.lock */,
				A9CBA6C821F32487007C6BC3 /* Sources */,
				A9CBA6C921F32487007C6BC3 /* Frameworks */,
				A9CBA6CA21F32487007C6BC3 /* Resources */,
			);
			buildRules = (
			);
			dependencies = (
				A9CBA6CE21F32487007C6BC3 /* PBXTargetDependency */,
			);
			name = DuTuUITests;
			productName = DuTuUITests;
			productReference = A9CBA6CC21F32487007C6BC3 /* DuTuUITests.xctest */;
			productType = "com.apple.product-type.bundle.ui-testing";
		};
/* End PBXNativeTarget section */

/* Begin PBXProject section */
		A9CBA6A521F32479007C6BC3 /* Project object */ = {
			isa = PBXProject;
			attributes = {
				LastSwiftUpdateCheck = 1010;
				LastUpgradeCheck = 1010;
				ORGANIZATIONNAME = "Jeroen Dunselman";
				TargetAttributes = {
					A9CBA6AC21F32479007C6BC3 = {
						CreatedOnToolsVersion = 10.1;
					};
					A9CBA6C021F32487007C6BC3 = {
						CreatedOnToolsVersion = 10.1;
						TestTargetID = A9CBA6AC21F32479007C6BC3;
					};
					A9CBA6CB21F32487007C6BC3 = {
						CreatedOnToolsVersion = 10.1;
						TestTargetID = A9CBA6AC21F32479007C6BC3;
					};
				};
			};
			buildConfigurationList = A9CBA6A821F32479007C6BC3 /* Build configuration list for PBXProject "DuTu" */;
			compatibilityVersion = "Xcode 9.3";
			developmentRegion = en;
			hasScannedForEncodings = 0;
			knownRegions = (
				en,
				Base,
			);
			mainGroup = A9CBA6A421F32479007C6BC3;
			productRefGroup = A9CBA6AE21F32479007C6BC3 /* Products */;
			projectDirPath = "";
			projectRoot = "";
			targets = (
				A9CBA6AC21F32479007C6BC3 /* DuTu */,
				A9CBA6C021F32487007C6BC3 /* DuTuTests */,
				A9CBA6CB21F32487007C6BC3 /* DuTuUITests */,
			);
		};
/* End PBXProject section */

/* Begin PBXResourcesBuildPhase section */
		A9CBA6AB21F32479007C6BC3 /* Resources */ = {
			isa = PBXResourcesBuildPhase;
			buildActionMask = 2147483647;
			files = (
				A9CBA6BB21F32487007C6BC3 /* LaunchScreen.storyboard in Resources */,
				A982158A2206474600E00AC6 /* storm.png in Resources */,
				A9CBA6B821F32487007C6BC3 /* Assets.xcassets in Resources */,
				A98215822206474600E00AC6 /* 11d.png in Resources */,
				A98215842206474600E00AC6 /* 50d.png in Resources */,
				A98215832206474600E00AC6 /* 13d.png in Resources */,
				A982157F2206474600E00AC6 /* 04d.png in Resources */,
				A98215812206474600E00AC6 /* 10d.png in Resources */,
				A98215852206474600E00AC6 /* clouds.png in Resources */,
				A982158B2206474600E00AC6 /* sun.png in Resources */,
				A98215892206474600E00AC6 /* rain.png in Resources */,
				A9CBA6B621F32479007C6BC3 /* Main.storyboard in Resources */,
				A982157E2206474600E00AC6 /* 03d.png in Resources */,
				A982157C2206474600E00AC6 /* 01d.png in Resources */,
				A982157D2206474600E00AC6 /* 02d.png in Resources */,
				A98215802206474600E00AC6 /* 09d.png in Resources */,
			);
			runOnlyForDeploymentPostprocessing = 0;
		};
		A9CBA6BF21F32487007C6BC3 /* Resources */ = {
			isa = PBXResourcesBuildPhase;
			buildActionMask = 2147483647;
			files = (
			);
			runOnlyForDeploymentPostprocessing = 0;
		};
		A9CBA6CA21F32487007C6BC3 /* Resources */ = {
			isa = PBXResourcesBuildPhase;
			buildActionMask = 2147483647;
			files = (
			);
			runOnlyForDeploymentPostprocessing = 0;
		};
/* End PBXResourcesBuildPhase section */

/* Begin PBXShellScriptBuildPhase section */
		1136B3D9DFD0DBA00F363E05 /* [CP] Embed Pods Frameworks */ = {
			isa = PBXShellScriptBuildPhase;
			buildActionMask = 2147483647;
			files = (
			);
			inputPaths = (
				"${SRCROOT}/Pods/Target Support Files/Pods-DuTu/Pods-DuTu-frameworks.sh",
				"${BUILT_PRODUCTS_DIR}/Alamofire/Alamofire.framework",
			);
			name = "[CP] Embed Pods Frameworks";
			outputPaths = (
				"${TARGET_BUILD_DIR}/${FRAMEWORKS_FOLDER_PATH}/Alamofire.framework",
			);
			runOnlyForDeploymentPostprocessing = 0;
			shellPath = /bin/sh;
			shellScript = "\"${SRCROOT}/Pods/Target Support Files/Pods-DuTu/Pods-DuTu-frameworks.sh\"\n";
			showEnvVarsInLog = 0;
		};
		73EF98E051FAF3A806BC2595 /* [CP] Check Pods Manifest.lock */ = {
			isa = PBXShellScriptBuildPhase;
			buildActionMask = 2147483647;
			files = (
			);
			inputPaths = (
				"${PODS_PODFILE_DIR_PATH}/Podfile.lock",
				"${PODS_ROOT}/Manifest.lock",
			);
			name = "[CP] Check Pods Manifest.lock";
			outputPaths = (
				"$(DERIVED_FILE_DIR)/Pods-DuTu-checkManifestLockResult.txt",
			);
			runOnlyForDeploymentPostprocessing = 0;
			shellPath = /bin/sh;
			shellScript = "diff \"${PODS_PODFILE_DIR_PATH}/Podfile.lock\" \"${PODS_ROOT}/Manifest.lock\" > /dev/null\nif [ $? != 0 ] ; then\n    # print error to STDERR\n    echo \"error: The sandbox is not in sync with the Podfile.lock. Run 'pod install' or update your CocoaPods installation.\" >&2\n    exit 1\nfi\n# This output is used by Xcode 'outputs' to avoid re-running this script phase.\necho \"SUCCESS\" > \"${SCRIPT_OUTPUT_FILE_0}\"\n";
			showEnvVarsInLog = 0;
		};
		99196FF4BB861809CCB979C0 /* [CP] Check Pods Manifest.lock */ = {
			isa = PBXShellScriptBuildPhase;
			buildActionMask = 2147483647;
			files = (
			);
			inputPaths = (
				"${PODS_PODFILE_DIR_PATH}/Podfile.lock",
				"${PODS_ROOT}/Manifest.lock",
			);
			name = "[CP] Check Pods Manifest.lock";
			outputPaths = (
				"$(DERIVED_FILE_DIR)/Pods-DuTuUITests-checkManifestLockResult.txt",
			);
			runOnlyForDeploymentPostprocessing = 0;
			shellPath = /bin/sh;
			shellScript = "diff \"${PODS_PODFILE_DIR_PATH}/Podfile.lock\" \"${PODS_ROOT}/Manifest.lock\" > /dev/null\nif [ $? != 0 ] ; then\n    # print error to STDERR\n    echo \"error: The sandbox is not in sync with the Podfile.lock. Run 'pod install' or update your CocoaPods installation.\" >&2\n    exit 1\nfi\n# This output is used by Xcode 'outputs' to avoid re-running this script phase.\necho \"SUCCESS\" > \"${SCRIPT_OUTPUT_FILE_0}\"\n";
			showEnvVarsInLog = 0;
		};
		B02566CDFFD631B8060F3517 /* [CP] Check Pods Manifest.lock */ = {
			isa = PBXShellScriptBuildPhase;
			buildActionMask = 2147483647;
			files = (
			);
			inputPaths = (
				"${PODS_PODFILE_DIR_PATH}/Podfile.lock",
				"${PODS_ROOT}/Manifest.lock",
			);
			name = "[CP] Check Pods Manifest.lock";
			outputPaths = (
				"$(DERIVED_FILE_DIR)/Pods-DuTuTests-checkManifestLockResult.txt",
			);
			runOnlyForDeploymentPostprocessing = 0;
			shellPath = /bin/sh;
			shellScript = "diff \"${PODS_PODFILE_DIR_PATH}/Podfile.lock\" \"${PODS_ROOT}/Manifest.lock\" > /dev/null\nif [ $? != 0 ] ; then\n    # print error to STDERR\n    echo \"error: The sandbox is not in sync with the Podfile.lock. Run 'pod install' or update your CocoaPods installation.\" >&2\n    exit 1\nfi\n# This output is used by Xcode 'outputs' to avoid re-running this script phase.\necho \"SUCCESS\" > \"${SCRIPT_OUTPUT_FILE_0}\"\n";
			showEnvVarsInLog = 0;
		};
/* End PBXShellScriptBuildPhase section */

/* Begin PBXSourcesBuildPhase section */
		A9CBA6A921F32479007C6BC3 /* Sources */ = {
			isa = PBXSourcesBuildPhase;
			buildActionMask = 2147483647;
			files = (
				A9865D382204E38200579564 /* WeatherService.swift in Sources */,
				A9290C1621F388E300CF852F /* StartViewModel.swift in Sources */,
				A9290C0C21F35C9800CF852F /* DisplayViewModel.swift in Sources */,
				A982156A22063D1800E00AC6 /* Settings.swift in Sources */,
				A9CBA6B121F32479007C6BC3 /* AppDelegate.swift in Sources */,
				A9CBA6E221F3263D007C6BC3 /* CoreDataExample.xcdatamodeld in Sources */,
				A9290C1821F388F800CF852F /* SignUpViewModel.swift in Sources */,
				A9290C1121F380F100CF852F /* StartViewController.swift in Sources */,
				A92FCA8821F6368200F20A71 /* Location.swift in Sources */,
				A9290C1A21F3890600CF852F /* LoginViewModel.swift in Sources */,
				A9DCCA6E2200619700C30716 /* DoToo.swift in Sources */,
				A9290C1221F380F100CF852F /* SignUpViewController.swift in Sources */,
				A9CBA6E621F32DF0007C6BC3 /* DisplayTableViewController.swift in Sources */,
				A9290C0A21F34E7900CF852F /* UpdateItemViewController.swift in Sources */,
				A9290C1021F380F100CF852F /* LoginViewController.swift in Sources */,
				A9290C1C21F47A1700CF852F /* CurrentUser.swift in Sources */,
				A9CBA6E821F32E8D007C6BC3 /* ViewItemViewController.swift in Sources */,
			);
			runOnlyForDeploymentPostprocessing = 0;
		};
		A9CBA6BD21F32487007C6BC3 /* Sources */ = {
			isa = PBXSourcesBuildPhase;
			buildActionMask = 2147483647;
			files = (
				A9CBA6C621F32487007C6BC3 /* DuTuTests.swift in Sources */,
			);
			runOnlyForDeploymentPostprocessing = 0;
		};
		A9CBA6C821F32487007C6BC3 /* Sources */ = {
			isa = PBXSourcesBuildPhase;
			buildActionMask = 2147483647;
			files = (
				A9CBA6D121F32487007C6BC3 /* DuTuUITests.swift in Sources */,
			);
			runOnlyForDeploymentPostprocessing = 0;
		};
/* End PBXSourcesBuildPhase section */

/* Begin PBXTargetDependency section */
		A9CBA6C321F32487007C6BC3 /* PBXTargetDependency */ = {
			isa = PBXTargetDependency;
			target = A9CBA6AC21F32479007C6BC3 /* DuTu */;
			targetProxy = A9CBA6C221F32487007C6BC3 /* PBXContainerItemProxy */;
		};
		A9CBA6CE21F32487007C6BC3 /* PBXTargetDependency */ = {
			isa = PBXTargetDependency;
			target = A9CBA6AC21F32479007C6BC3 /* DuTu */;
			targetProxy = A9CBA6CD21F32487007C6BC3 /* PBXContainerItemProxy */;
		};
/* End PBXTargetDependency section */

/* Begin PBXVariantGroup section */
		A9CBA6B421F32479007C6BC3 /* Main.storyboard */ = {
			isa = PBXVariantGroup;
			children = (
				A9CBA6B521F32479007C6BC3 /* Base */,
			);
			name = Main.storyboard;
			sourceTree = "<group>";
		};
		A9CBA6B921F32487007C6BC3 /* LaunchScreen.storyboard */ = {
			isa = PBXVariantGroup;
			children = (
				A9CBA6BA21F32487007C6BC3 /* Base */,
			);
			name = LaunchScreen.storyboard;
			sourceTree = "<group>";
		};
/* End PBXVariantGroup section */

/* Begin XCBuildConfiguration section */
		A9CBA6D321F32487007C6BC3 /* Debug */ = {
			isa = XCBuildConfiguration;
			buildSettings = {
				ALWAYS_SEARCH_USER_PATHS = NO;
				CLANG_ANALYZER_NONNULL = YES;
				CLANG_ANALYZER_NUMBER_OBJECT_CONVERSION = YES_AGGRESSIVE;
				CLANG_CXX_LANGUAGE_STANDARD = "gnu++14";
				CLANG_CXX_LIBRARY = "libc++";
				CLANG_ENABLE_MODULES = YES;
				CLANG_ENABLE_OBJC_ARC = YES;
				CLANG_ENABLE_OBJC_WEAK = YES;
				CLANG_WARN_BLOCK_CAPTURE_AUTORELEASING = YES;
				CLANG_WARN_BOOL_CONVERSION = YES;
				CLANG_WARN_COMMA = YES;
				CLANG_WARN_CONSTANT_CONVERSION = YES;
				CLANG_WARN_DEPRECATED_OBJC_IMPLEMENTATIONS = YES;
				CLANG_WARN_DIRECT_OBJC_ISA_USAGE = YES_ERROR;
				CLANG_WARN_DOCUMENTATION_COMMENTS = YES;
				CLANG_WARN_EMPTY_BODY = YES;
				CLANG_WARN_ENUM_CONVERSION = YES;
				CLANG_WARN_INFINITE_RECURSION = YES;
				CLANG_WARN_INT_CONVERSION = YES;
				CLANG_WARN_NON_LITERAL_NULL_CONVERSION = YES;
				CLANG_WARN_OBJC_IMPLICIT_RETAIN_SELF = YES;
				CLANG_WARN_OBJC_LITERAL_CONVERSION = YES;
				CLANG_WARN_OBJC_ROOT_CLASS = YES_ERROR;
				CLANG_WARN_RANGE_LOOP_ANALYSIS = YES;
				CLANG_WARN_STRICT_PROTOTYPES = YES;
				CLANG_WARN_SUSPICIOUS_MOVE = YES;
				CLANG_WARN_UNGUARDED_AVAILABILITY = YES_AGGRESSIVE;
				CLANG_WARN_UNREACHABLE_CODE = YES;
				CLANG_WARN__DUPLICATE_METHOD_MATCH = YES;
				CODE_SIGN_IDENTITY = "iPhone Developer";
				COPY_PHASE_STRIP = NO;
				DEBUG_INFORMATION_FORMAT = dwarf;
				ENABLE_STRICT_OBJC_MSGSEND = YES;
				ENABLE_TESTABILITY = YES;
				GCC_C_LANGUAGE_STANDARD = gnu11;
				GCC_DYNAMIC_NO_PIC = NO;
				GCC_NO_COMMON_BLOCKS = YES;
				GCC_OPTIMIZATION_LEVEL = 0;
				GCC_PREPROCESSOR_DEFINITIONS = (
					"DEBUG=1",
					"$(inherited)",
				);
				GCC_WARN_64_TO_32_BIT_CONVERSION = YES;
				GCC_WARN_ABOUT_RETURN_TYPE = YES_ERROR;
				GCC_WARN_UNDECLARED_SELECTOR = YES;
				GCC_WARN_UNINITIALIZED_AUTOS = YES_AGGRESSIVE;
				GCC_WARN_UNUSED_FUNCTION = YES;
				GCC_WARN_UNUSED_VARIABLE = YES;
				IPHONEOS_DEPLOYMENT_TARGET = 12.1;
				MTL_ENABLE_DEBUG_INFO = INCLUDE_SOURCE;
				MTL_FAST_MATH = YES;
				ONLY_ACTIVE_ARCH = YES;
				SDKROOT = iphoneos;
				SWIFT_ACTIVE_COMPILATION_CONDITIONS = DEBUG;
				SWIFT_OPTIMIZATION_LEVEL = "-Onone";
			};
			name = Debug;
		};
		A9CBA6D421F32487007C6BC3 /* Release */ = {
			isa = XCBuildConfiguration;
			buildSettings = {
				ALWAYS_SEARCH_USER_PATHS = NO;
				CLANG_ANALYZER_NONNULL = YES;
				CLANG_ANALYZER_NUMBER_OBJECT_CONVERSION = YES_AGGRESSIVE;
				CLANG_CXX_LANGUAGE_STANDARD = "gnu++14";
				CLANG_CXX_LIBRARY = "libc++";
				CLANG_ENABLE_MODULES = YES;
				CLANG_ENABLE_OBJC_ARC = YES;
				CLANG_ENABLE_OBJC_WEAK = YES;
				CLANG_WARN_BLOCK_CAPTURE_AUTORELEASING = YES;
				CLANG_WARN_BOOL_CONVERSION = YES;
				CLANG_WARN_COMMA = YES;
				CLANG_WARN_CONSTANT_CONVERSION = YES;
				CLANG_WARN_DEPRECATED_OBJC_IMPLEMENTATIONS = YES;
				CLANG_WARN_DIRECT_OBJC_ISA_USAGE = YES_ERROR;
				CLANG_WARN_DOCUMENTATION_COMMENTS = YES;
				CLANG_WARN_EMPTY_BODY = YES;
				CLANG_WARN_ENUM_CONVERSION = YES;
				CLANG_WARN_INFINITE_RECURSION = YES;
				CLANG_WARN_INT_CONVERSION = YES;
				CLANG_WARN_NON_LITERAL_NULL_CONVERSION = YES;
				CLANG_WARN_OBJC_IMPLICIT_RETAIN_SELF = YES;
				CLANG_WARN_OBJC_LITERAL_CONVERSION = YES;
				CLANG_WARN_OBJC_ROOT_CLASS = YES_ERROR;
				CLANG_WARN_RANGE_LOOP_ANALYSIS = YES;
				CLANG_WARN_STRICT_PROTOTYPES = YES;
				CLANG_WARN_SUSPICIOUS_MOVE = YES;
				CLANG_WARN_UNGUARDED_AVAILABILITY = YES_AGGRESSIVE;
				CLANG_WARN_UNREACHABLE_CODE = YES;
				CLANG_WARN__DUPLICATE_METHOD_MATCH = YES;
				CODE_SIGN_IDENTITY = "iPhone Developer";
				COPY_PHASE_STRIP = NO;
				DEBUG_INFORMATION_FORMAT = "dwarf-with-dsym";
				ENABLE_NS_ASSERTIONS = NO;
				ENABLE_STRICT_OBJC_MSGSEND = YES;
				GCC_C_LANGUAGE_STANDARD = gnu11;
				GCC_NO_COMMON_BLOCKS = YES;
				GCC_WARN_64_TO_32_BIT_CONVERSION = YES;
				GCC_WARN_ABOUT_RETURN_TYPE = YES_ERROR;
				GCC_WARN_UNDECLARED_SELECTOR = YES;
				GCC_WARN_UNINITIALIZED_AUTOS = YES_AGGRESSIVE;
				GCC_WARN_UNUSED_FUNCTION = YES;
				GCC_WARN_UNUSED_VARIABLE = YES;
				IPHONEOS_DEPLOYMENT_TARGET = 12.1;
				MTL_ENABLE_DEBUG_INFO = NO;
				MTL_FAST_MATH = YES;
				SDKROOT = iphoneos;
				SWIFT_COMPILATION_MODE = wholemodule;
				SWIFT_OPTIMIZATION_LEVEL = "-O";
				VALIDATE_PRODUCT = YES;
			};
			name = Release;
		};
		A9CBA6D621F32487007C6BC3 /* Debug */ = {
			isa = XCBuildConfiguration;
			baseConfigurationReference = 956B8FF2D34A2AFA37BC2B9F /* Pods-DuTu.debug.xcconfig */;
			buildSettings = {
				ASSETCATALOG_COMPILER_APPICON_NAME = AppIcon;
				CODE_SIGN_STYLE = Automatic;
				DEVELOPMENT_TEAM = 5VGL2XRGNT;
				INFOPLIST_FILE = DuTu/Info.plist;
				IPHONEOS_DEPLOYMENT_TARGET = 10.3;
				LD_RUNPATH_SEARCH_PATHS = (
					"$(inherited)",
					"@executable_path/Frameworks",
				);
				PRODUCT_BUNDLE_IDENTIFIER = com.onomatopoeia.dotoo.DuTu;
				PRODUCT_NAME = "$(TARGET_NAME)";
				SWIFT_VERSION = 4.2;
				TARGETED_DEVICE_FAMILY = "1,2";
			};
			name = Debug;
		};
		A9CBA6D721F32487007C6BC3 /* Release */ = {
			isa = XCBuildConfiguration;
			baseConfigurationReference = 33A144BF1FF0F5CE46784F38 /* Pods-DuTu.release.xcconfig */;
			buildSettings = {
				ASSETCATALOG_COMPILER_APPICON_NAME = AppIcon;
				CODE_SIGN_STYLE = Automatic;
				DEVELOPMENT_TEAM = 5VGL2XRGNT;
				INFOPLIST_FILE = DuTu/Info.plist;
				IPHONEOS_DEPLOYMENT_TARGET = 10.3;
				LD_RUNPATH_SEARCH_PATHS = (
					"$(inherited)",
					"@executable_path/Frameworks",
				);
				PRODUCT_BUNDLE_IDENTIFIER = com.onomatopoeia.dotoo.DuTu;
				PRODUCT_NAME = "$(TARGET_NAME)";
				SWIFT_VERSION = 4.2;
				TARGETED_DEVICE_FAMILY = "1,2";
			};
			name = Release;
		};
		A9CBA6D921F32487007C6BC3 /* Debug */ = {
			isa = XCBuildConfiguration;
			baseConfigurationReference = D64C9279AB45F276F64E4098 /* Pods-DuTuTests.debug.xcconfig */;
			buildSettings = {
				ALWAYS_EMBED_SWIFT_STANDARD_LIBRARIES = YES;
				BUNDLE_LOADER = "$(TEST_HOST)";
				CODE_SIGN_STYLE = Automatic;
				DEVELOPMENT_TEAM = 5VGL2XRGNT;
				INFOPLIST_FILE = DuTuTests/Info.plist;
				LD_RUNPATH_SEARCH_PATHS = (
					"$(inherited)",
					"@executable_path/Frameworks",
					"@loader_path/Frameworks",
				);
				PRODUCT_BUNDLE_IDENTIFIER = com.onomatopoeia.dotoo.DuTuTests;
				PRODUCT_NAME = "$(TARGET_NAME)";
				SWIFT_VERSION = 4.2;
				TARGETED_DEVICE_FAMILY = "1,2";
				TEST_HOST = "$(BUILT_PRODUCTS_DIR)/DuTu.app/DuTu";
			};
			name = Debug;
		};
		A9CBA6DA21F32487007C6BC3 /* Release */ = {
			isa = XCBuildConfiguration;
			baseConfigurationReference = 2A42B347A33958A3FDBE9ED4 /* Pods-DuTuTests.release.xcconfig */;
			buildSettings = {
				ALWAYS_EMBED_SWIFT_STANDARD_LIBRARIES = YES;
				BUNDLE_LOADER = "$(TEST_HOST)";
				CODE_SIGN_STYLE = Automatic;
				DEVELOPMENT_TEAM = 5VGL2XRGNT;
				INFOPLIST_FILE = DuTuTests/Info.plist;
				LD_RUNPATH_SEARCH_PATHS = (
					"$(inherited)",
					"@executable_path/Frameworks",
					"@loader_path/Frameworks",
				);
				PRODUCT_BUNDLE_IDENTIFIER = com.onomatopoeia.dotoo.DuTuTests;
				PRODUCT_NAME = "$(TARGET_NAME)";
				SWIFT_VERSION = 4.2;
				TARGETED_DEVICE_FAMILY = "1,2";
				TEST_HOST = "$(BUILT_PRODUCTS_DIR)/DuTu.app/DuTu";
			};
			name = Release;
		};
		A9CBA6DC21F32487007C6BC3 /* Debug */ = {
			isa = XCBuildConfiguration;
			baseConfigurationReference = F0D37B7D53DD3B5E8AC60033 /* Pods-DuTuUITests.debug.xcconfig */;
			buildSettings = {
				ALWAYS_EMBED_SWIFT_STANDARD_LIBRARIES = YES;
				CODE_SIGN_STYLE = Automatic;
				DEVELOPMENT_TEAM = 5VGL2XRGNT;
				INFOPLIST_FILE = DuTuUITests/Info.plist;
				LD_RUNPATH_SEARCH_PATHS = (
					"$(inherited)",
					"@executable_path/Frameworks",
					"@loader_path/Frameworks",
				);
				PRODUCT_BUNDLE_IDENTIFIER = com.onomatopoeia.dotoo.DuTuUITests;
				PRODUCT_NAME = "$(TARGET_NAME)";
				SWIFT_VERSION = 4.2;
				TARGETED_DEVICE_FAMILY = "1,2";
				TEST_TARGET_NAME = DuTu;
			};
			name = Debug;
		};
		A9CBA6DD21F32487007C6BC3 /* Release */ = {
			isa = XCBuildConfiguration;
			baseConfigurationReference = 18CA7AE11B4B5D838972A967 /* Pods-DuTuUITests.release.xcconfig */;
			buildSettings = {
				ALWAYS_EMBED_SWIFT_STANDARD_LIBRARIES = YES;
				CODE_SIGN_STYLE = Automatic;
				DEVELOPMENT_TEAM = 5VGL2XRGNT;
				INFOPLIST_FILE = DuTuUITests/Info.plist;
				LD_RUNPATH_SEARCH_PATHS = (
					"$(inherited)",
					"@executable_path/Frameworks",
					"@loader_path/Frameworks",
				);
				PRODUCT_BUNDLE_IDENTIFIER = com.onomatopoeia.dotoo.DuTuUITests;
				PRODUCT_NAME = "$(TARGET_NAME)";
				SWIFT_VERSION = 4.2;
				TARGETED_DEVICE_FAMILY = "1,2";
				TEST_TARGET_NAME = DuTu;
			};
			name = Release;
		};
/* End XCBuildConfiguration section */

/* Begin XCConfigurationList section */
		A9CBA6A821F32479007C6BC3 /* Build configuration list for PBXProject "DuTu" */ = {
			isa = XCConfigurationList;
			buildConfigurations = (
				A9CBA6D321F32487007C6BC3 /* Debug */,
				A9CBA6D421F32487007C6BC3 /* Release */,
			);
			defaultConfigurationIsVisible = 0;
			defaultConfigurationName = Release;
		};
		A9CBA6D521F32487007C6BC3 /* Build configuration list for PBXNativeTarget "DuTu" */ = {
			isa = XCConfigurationList;
			buildConfigurations = (
				A9CBA6D621F32487007C6BC3 /* Debug */,
				A9CBA6D721F32487007C6BC3 /* Release */,
			);
			defaultConfigurationIsVisible = 0;
			defaultConfigurationName = Release;
		};
		A9CBA6D821F32487007C6BC3 /* Build configuration list for PBXNativeTarget "DuTuTests" */ = {
			isa = XCConfigurationList;
			buildConfigurations = (
				A9CBA6D921F32487007C6BC3 /* Debug */,
				A9CBA6DA21F32487007C6BC3 /* Release */,
			);
			defaultConfigurationIsVisible = 0;
			defaultConfigurationName = Release;
		};
		A9CBA6DB21F32487007C6BC3 /* Build configuration list for PBXNativeTarget "DuTuUITests" */ = {
			isa = XCConfigurationList;
			buildConfigurations = (
				A9CBA6DC21F32487007C6BC3 /* Debug */,
				A9CBA6DD21F32487007C6BC3 /* Release */,
			);
			defaultConfigurationIsVisible = 0;
			defaultConfigurationName = Release;
		};
/* End XCConfigurationList section */

/* Begin XCVersionGroup section */
		A9CBA6E021F3263D007C6BC3 /* CoreDataExample.xcdatamodeld */ = {
			isa = XCVersionGroup;
			children = (
				A9CBA6E121F3263D007C6BC3 /* CoreDataExample.xcdatamodel */,
			);
			currentVersion = A9CBA6E121F3263D007C6BC3 /* CoreDataExample.xcdatamodel */;
			path = CoreDataExample.xcdatamodeld;
			sourceTree = "<group>";
			versionGroupType = wrapper.xcdatamodel;
		};
/* End XCVersionGroup section */
	};
	rootObject = A9CBA6A521F32479007C6BC3 /* Project object */;
}
